
Microsoft Visual Studio Solution File, Format Version 12.00
# Visual Studio Version 17
VisualStudioVersion = 17.2.32505.173
MinimumVisualStudioVersion = 10.0.40219.1
Project("{FAE04EC0-301F-11D3-BF4B-00C04F79EFBC}") = "The_Defense_of_Consolas", "The_Defense_of_Consolas\The_Defense_of_Consolas.csproj", "{4024A0E7-D15D-4B94-9382-ACE1176C7377}"
EndProject
Global
	GlobalSection(SolutionConfigurationPlatforms) = preSolution
		Debug|Any CPU = Debug|Any CPU
		Release|Any CPU = Release|Any CPU
	EndGlobalSection
	GlobalSection(ProjectConfigurationPlatforms) = postSolution
		{4024A0E7-D15D-4B94-9382-ACE1176C7377}.Debug|Any CPU.ActiveCfg = Debug|Any CPU
		{4024A0E7-D15D-4B94-9382-ACE1176C7377}.Debug|Any CPU.Build.0 = Debug|Any CPU
		{4024A0E7-D15D-4B94-9382-ACE1176C7377}.Release|Any CPU.ActiveCfg = Release|Any CPU
		{4024A0E7-D15D-4B94-9382-ACE1176C7377}.Release|Any CPU.Build.0 = Release|Any CPU
	EndGlobalSection
	GlobalSection(SolutionProperties) = preSolution
		HideSolutionNode = FALSE
	EndGlobalSection
	GlobalSection(ExtensibilityGlobals) = postSolution
		SolutionGuid = {D3D15512-1223-46BC-A19C-54DBCD8804EC}
	EndGlobalSection
EndGlobal
